
Microsoft Visual Studio Solution File, Format Version 12.00
# Visual Studio 14
VisualStudioVersion = 14.0.25420.1
MinimumVisualStudioVersion = 10.0.40219.1
Project("{FAE04EC0-301F-11D3-BF4B-00C04F79EFBC}") = "AuthApp", "AuthApp\AuthApp.csproj", "{46559A2A-80DE-48EE-9B52-2A715A564A8B}"
EndProject
Project("{FAE04EC0-301F-11D3-BF4B-00C04F79EFBC}") = "Dal", "Dal\Dal.csproj", "{64D44847-989E-46C2-8FD4-306B58AB1672}"
EndProject
Project("{FAE04EC0-301F-11D3-BF4B-00C04F79EFBC}") = "Model", "Model\Model.csproj", "{6D83CF3F-60B4-4DCC-B14F-2F2A76BFC1E2}"
EndProject
Global
	GlobalSection(SolutionConfigurationPlatforms) = preSolution
		Debug|Any CPU = Debug|Any CPU
		Release|Any CPU = Release|Any CPU
	EndGlobalSection
	GlobalSection(ProjectConfigurationPlatforms) = postSolution
		{46559A2A-80DE-48EE-9B52-2A715A564A8B}.Debug|Any CPU.ActiveCfg = Debug|Any CPU
		{46559A2A-80DE-48EE-9B52-2A715A564A8B}.Debug|Any CPU.Build.0 = Debug|Any CPU
		{46559A2A-80DE-48EE-9B52-2A715A564A8B}.Release|Any CPU.ActiveCfg = Release|Any CPU
		{46559A2A-80DE-48EE-9B52-2A715A564A8B}.Release|Any CPU.Build.0 = Release|Any CPU
		{64D44847-989E-46C2-8FD4-306B58AB1672}.Debug|Any CPU.ActiveCfg = Debug|Any CPU
		{64D44847-989E-46C2-8FD4-306B58AB1672}.Debug|Any CPU.Build.0 = Debug|Any CPU
		{64D44847-989E-46C2-8FD4-306B58AB1672}.Release|Any CPU.ActiveCfg = Release|Any CPU
		{64D44847-989E-46C2-8FD4-306B58AB1672}.Release|Any CPU.Build.0 = Release|Any CPU
		{6D83CF3F-60B4-4DCC-B14F-2F2A76BFC1E2}.Debug|Any CPU.ActiveCfg = Debug|Any CPU
		{6D83CF3F-60B4-4DCC-B14F-2F2A76BFC1E2}.Debug|Any CPU.Build.0 = Debug|Any CPU
		{6D83CF3F-60B4-4DCC-B14F-2F2A76BFC1E2}.Release|Any CPU.ActiveCfg = Release|Any CPU
		{6D83CF3F-60B4-4DCC-B14F-2F2A76BFC1E2}.Release|Any CPU.Build.0 = Release|Any CPU
	EndGlobalSection
	GlobalSection(SolutionProperties) = preSolution
		HideSolutionNode = FALSE
	EndGlobalSection
EndGlobal
